
Microsoft Visual Studio Solution File, Format Version 12.00
# Visual Studio Version 17
VisualStudioVersion = 17.14.36414.22 d17.14
MinimumVisualStudioVersion = 10.0.40219.1
Project("{FAE04EC0-301F-11D3-BF4B-00C04F79EFBC}") = "Git_MVC_App_Pelda", "Git_MVC_App_Pelda\Git_MVC_App_Pelda.csproj", "{2A46E0B3-4CC8-4FD5-8618-35C2EEBD59C1}"
EndProject
Global
	GlobalSection(SolutionConfigurationPlatforms) = preSolution
		Debug|Any CPU = Debug|Any CPU
		Release|Any CPU = Release|Any CPU
	EndGlobalSection
	GlobalSection(ProjectConfigurationPlatforms) = postSolution
		{2A46E0B3-4CC8-4FD5-8618-35C2EEBD59C1}.Debug|Any CPU.ActiveCfg = Debug|Any CPU
		{2A46E0B3-4CC8-4FD5-8618-35C2EEBD59C1}.Debug|Any CPU.Build.0 = Debug|Any CPU
		{2A46E0B3-4CC8-4FD5-8618-35C2EEBD59C1}.Release|Any CPU.ActiveCfg = Release|Any CPU
		{2A46E0B3-4CC8-4FD5-8618-35C2EEBD59C1}.Release|Any CPU.Build.0 = Release|Any CPU
	EndGlobalSection
	GlobalSection(SolutionProperties) = preSolution
		HideSolutionNode = FALSE
	EndGlobalSection
	GlobalSection(ExtensibilityGlobals) = postSolution
		SolutionGuid = {AACE0D15-F168-4510-8D64-A2DB2EF48261}
	EndGlobalSection
EndGlobal
